// !$*UTF8*$!
{
	archiveVersion = 1;
	classes = {
	};
	objectVersion = 56;
	objects = {

/* Begin PBXBuildFile section */
		6320103D2BD134F7001382CD /* Git2App.swift in Sources */ = {isa = PBXBuildFile; fileRef = 6320103C2BD134F7001382CD /* Git2App.swift */; };
		6320103F2BD134F7001382CD /* ContentView.swift in Sources */ = {isa = PBXBuildFile; fileRef = 6320103E2BD134F7001382CD /* ContentView.swift */; };
		632010412BD134F7001382CD /* Item.swift in Sources */ = {isa = PBXBuildFile; fileRef = 632010402BD134F7001382CD /* Item.swift */; };
		632010432BD134F8001382CD /* Assets.xcassets in Resources */ = {isa = PBXBuildFile; fileRef = 632010422BD134F8001382CD /* Assets.xcassets */; };
		632010472BD134F8001382CD /* Preview Assets.xcassets in Resources */ = {isa = PBXBuildFile; fileRef = 632010462BD134F8001382CD /* Preview Assets.xcassets */; };
		632010512BD134F8001382CD /* Git2Tests.swift in Sources */ = {isa = PBXBuildFile; fileRef = 632010502BD134F8001382CD /* Git2Tests.swift */; };
		6320105B2BD134F8001382CD /* Git2UITests.swift in Sources */ = {isa = PBXBuildFile; fileRef = 6320105A2BD134F8001382CD /* Git2UITests.swift */; };
		6320105D2BD134F8001382CD /* Git2UITestsLaunchTests.swift in Sources */ = {isa = PBXBuildFile; fileRef = 6320105C2BD134F8001382CD /* Git2UITestsLaunchTests.swift */; };
/* End PBXBuildFile section */

/* Begin PBXContainerItemProxy section */
		6320104D2BD134F8001382CD /* PBXContainerItemProxy */ = {
			isa = PBXContainerItemProxy;
			containerPortal = 632010312BD134F7001382CD /* Project object */;
			proxyType = 1;
			remoteGlobalIDString = 632010382BD134F7001382CD;
			remoteInfo = Git2;
		};
		632010572BD134F8001382CD /* PBXContainerItemProxy */ = {
			isa = PBXContainerItemProxy;
			containerPortal = 632010312BD134F7001382CD /* Project object */;
			proxyType = 1;
			remoteGlobalIDString = 632010382BD134F7001382CD;
			remoteInfo = Git2;
		};
/* End PBXContainerItemProxy section */

/* Begin PBXFileReference section */
		632010392BD134F7001382CD /* Git2.app */ = {isa = PBXFileReference; explicitFileType = wrapper.application; includeInIndex = 0; path = Git2.app; sourceTree = BUILT_PRODUCTS_DIR; };
		6320103C2BD134F7001382CD /* Git2App.swift */ = {isa = PBXFileReference; lastKnownFileType = sourcecode.swift; path = Git2App.swift; sourceTree = "<group>"; };
		6320103E2BD134F7001382CD /* ContentView.swift */ = {isa = PBXFileReference; lastKnownFileType = sourcecode.swift; path = ContentView.swift; sourceTree = "<group>"; };
		632010402BD134F7001382CD /* Item.swift */ = {isa = PBXFileReference; lastKnownFileType = sourcecode.swift; path = Item.swift; sourceTree = "<group>"; };
		632010422BD134F8001382CD /* Assets.xcassets */ = {isa = PBXFileReference; lastKnownFileType = folder.assetcatalog; path = Assets.xcassets; sourceTree = "<group>"; };
		632010442BD134F8001382CD /* Git2.entitlements */ = {isa = PBXFileReference; lastKnownFileType = text.plist.entitlements; path = Git2.entitlements; sourceTree = "<group>"; };
		632010462BD134F8001382CD /* Preview Assets.xcassets */ = {isa = PBXFileReference; lastKnownFileType = folder.assetcatalog; path = "Preview Assets.xcassets"; sourceTree = "<group>"; };
		6320104C2BD134F8001382CD /* Git2Tests.xctest */ = {isa = PBXFileReference; explicitFileType = wrapper.cfbundle; includeInIndex = 0; path = Git2Tests.xctest; sourceTree = BUILT_PRODUCTS_DIR; };
		632010502BD134F8001382CD /* Git2Tests.swift */ = {isa = PBXFileReference; lastKnownFileType = sourcecode.swift; path = Git2Tests.swift; sourceTree = "<group>"; };
		632010562BD134F8001382CD /* Git2UITests.xctest */ = {isa = PBXFileReference; explicitFileType = wrapper.cfbundle; includeInIndex = 0; path = Git2UITests.xctest; sourceTree = BUILT_PRODUCTS_DIR; };
		6320105A2BD134F8001382CD /* Git2UITests.swift */ = {isa = PBXFileReference; lastKnownFileType = sourcecode.swift; path = Git2UITests.swift; sourceTree = "<group>"; };
		6320105C2BD134F8001382CD /* Git2UITestsLaunchTests.swift */ = {isa = PBXFileReference; lastKnownFileType = sourcecode.swift; path = Git2UITestsLaunchTests.swift; sourceTree = "<group>"; };
/* End PBXFileReference section */

/* Begin PBXFrameworksBuildPhase section */
		632010362BD134F7001382CD /* Frameworks */ = {
			isa = PBXFrameworksBuildPhase;
			buildActionMask = 2147483647;
			files = (
			);
			runOnlyForDeploymentPostprocessing = 0;
		};
		632010492BD134F8001382CD /* Frameworks */ = {
			isa = PBXFrameworksBuildPhase;
			buildActionMask = 2147483647;
			files = (
			);
			runOnlyForDeploymentPostprocessing = 0;
		};
		632010532BD134F8001382CD /* Frameworks */ = {
			isa = PBXFrameworksBuildPhase;
			buildActionMask = 2147483647;
			files = (
			);
			runOnlyForDeploymentPostprocessing = 0;
		};
/* End PBXFrameworksBuildPhase section */

/* Begin PBXGroup section */
		632010302BD134F7001382CD = {
			isa = PBXGroup;
			children = (
				6320103B2BD134F7001382CD /* Git2 */,
				6320104F2BD134F8001382CD /* Git2Tests */,
				632010592BD134F8001382CD /* Git2UITests */,
				6320103A2BD134F7001382CD /* Products */,
			);
			sourceTree = "<group>";
		};
		6320103A2BD134F7001382CD /* Products */ = {
			isa = PBXGroup;
			children = (
				632010392BD134F7001382CD /* Git2.app */,
				6320104C2BD134F8001382CD /* Git2Tests.xctest */,
				632010562BD134F8001382CD /* Git2UITests.xctest */,
			);
			name = Products;
			sourceTree = "<group>";
		};
		6320103B2BD134F7001382CD /* Git2 */ = {
			isa = PBXGroup;
			children = (
				6320103C2BD134F7001382CD /* Git2App.swift */,
				6320103E2BD134F7001382CD /* ContentView.swift */,
				632010402BD134F7001382CD /* Item.swift */,
				632010422BD134F8001382CD /* Assets.xcassets */,
				632010442BD134F8001382CD /* Git2.entitlements */,
				632010452BD134F8001382CD /* Preview Content */,
			);
			path = Git2;
			sourceTree = "<group>";
		};
		632010452BD134F8001382CD /* Preview Content */ = {
			isa = PBXGroup;
			children = (
				632010462BD134F8001382CD /* Preview Assets.xcassets */,
			);
			path = "Preview Content";
			sourceTree = "<group>";
		};
		6320104F2BD134F8001382CD /* Git2Tests */ = {
			isa = PBXGroup;
			children = (
				632010502BD134F8001382CD /* Git2Tests.swift */,
			);
			path = Git2Tests;
			sourceTree = "<group>";
		};
		632010592BD134F8001382CD /* Git2UITests */ = {
			isa = PBXGroup;
			children = (
				6320105A2BD134F8001382CD /* Git2UITests.swift */,
				6320105C2BD134F8001382CD /* Git2UITestsLaunchTests.swift */,
			);
			path = Git2UITests;
			sourceTree = "<group>";
		};
/* End PBXGroup section */

/* Begin PBXNativeTarget section */
		632010382BD134F7001382CD /* Git2 */ = {
			isa = PBXNativeTarget;
			buildConfigurationList = 632010602BD134F8001382CD /* Build configuration list for PBXNativeTarget "Git2" */;
			buildPhases = (
				632010352BD134F7001382CD /* Sources */,
				632010362BD134F7001382CD /* Frameworks */,
				632010372BD134F7001382CD /* Resources */,
			);
			buildRules = (
			);
			dependencies = (
			);
			name = Git2;
			productName = Git2;
			productReference = 632010392BD134F7001382CD /* Git2.app */;
			productType = "com.apple.product-type.application";
		};
		6320104B2BD134F8001382CD /* Git2Tests */ = {
			isa = PBXNativeTarget;
			buildConfigurationList = 632010632BD134F8001382CD /* Build configuration list for PBXNativeTarget "Git2Tests" */;
			buildPhases = (
				632010482BD134F8001382CD /* Sources */,
				632010492BD134F8001382CD /* Frameworks */,
				6320104A2BD134F8001382CD /* Resources */,
			);
			buildRules = (
			);
			dependencies = (
				6320104E2BD134F8001382CD /* PBXTargetDependency */,
			);
			name = Git2Tests;
			productName = Git2Tests;
			productReference = 6320104C2BD134F8001382CD /* Git2Tests.xctest */;
			productType = "com.apple.product-type.bundle.unit-test";
		};
		632010552BD134F8001382CD /* Git2UITests */ = {
			isa = PBXNativeTarget;
			buildConfigurationList = 632010662BD134F8001382CD /* Build configuration list for PBXNativeTarget "Git2UITests" */;
			buildPhases = (
				632010522BD134F8001382CD /* Sources */,
				632010532BD134F8001382CD /* Frameworks */,
				632010542BD134F8001382CD /* Resources */,
			);
			buildRules = (
			);
			dependencies = (
				632010582BD134F8001382CD /* PBXTargetDependency */,
			);
			name = Git2UITests;
			productName = Git2UITests;
			productReference = 632010562BD134F8001382CD /* Git2UITests.xctest */;
			productType = "com.apple.product-type.bundle.ui-testing";
		};
/* End PBXNativeTarget section */

/* Begin PBXProject section */
		632010312BD134F7001382CD /* Project object */ = {
			isa = PBXProject;
			attributes = {
				BuildIndependentTargetsInParallel = 1;
				LastSwiftUpdateCheck = 1530;
				LastUpgradeCheck = 1530;
				TargetAttributes = {
					632010382BD134F7001382CD = {
						CreatedOnToolsVersion = 15.3;
					};
					6320104B2BD134F8001382CD = {
						CreatedOnToolsVersion = 15.3;
						TestTargetID = 632010382BD134F7001382CD;
					};
					632010552BD134F8001382CD = {
						CreatedOnToolsVersion = 15.3;
						TestTargetID = 632010382BD134F7001382CD;
					};
				};
			};
			buildConfigurationList = 632010342BD134F7001382CD /* Build configuration list for PBXProject "Git2" */;
			compatibilityVersion = "Xcode 14.0";
			developmentRegion = en;
			hasScannedForEncodings = 0;
			knownRegions = (
				en,
				Base,
			);
			mainGroup = 632010302BD134F7001382CD;
			productRefGroup = 6320103A2BD134F7001382CD /* Products */;
			projectDirPath = "";
			projectRoot = "";
			targets = (
				632010382BD134F7001382CD /* Git2 */,
				6320104B2BD134F8001382CD /* Git2Tests */,
				632010552BD134F8001382CD /* Git2UITests */,
			);
		};
/* End PBXProject section */

/* Begin PBXResourcesBuildPhase section */
		632010372BD134F7001382CD /* Resources */ = {
			isa = PBXResourcesBuildPhase;
			buildActionMask = 2147483647;
			files = (
				632010472BD134F8001382CD /* Preview Assets.xcassets in Resources */,
				632010432BD134F8001382CD /* Assets.xcassets in Resources */,
			);
			runOnlyForDeploymentPostprocessing = 0;
		};
		6320104A2BD134F8001382CD /* Resources */ = {
			isa = PBXResourcesBuildPhase;
			buildActionMask = 2147483647;
			files = (
			);
			runOnlyForDeploymentPostprocessing = 0;
		};
		632010542BD134F8001382CD /* Resources */ = {
			isa = PBXResourcesBuildPhase;
			buildActionMask = 2147483647;
			files = (
			);
			runOnlyForDeploymentPostprocessing = 0;
		};
/* End PBXResourcesBuildPhase section */

/* Begin PBXSourcesBuildPhase section */
		632010352BD134F7001382CD /* Sources */ = {
			isa = PBXSourcesBuildPhase;
			buildActionMask = 2147483647;
			files = (
				6320103F2BD134F7001382CD /* ContentView.swift in Sources */,
				632010412BD134F7001382CD /* Item.swift in Sources */,
				6320103D2BD134F7001382CD /* Git2App.swift in Sources */,
			);
			runOnlyForDeploymentPostprocessing = 0;
		};
		632010482BD134F8001382CD /* Sources */ = {
			isa = PBXSourcesBuildPhase;
			buildActionMask = 2147483647;
			files = (
				632010512BD134F8001382CD /* Git2Tests.swift in Sources */,
			);
			runOnlyForDeploymentPostprocessing = 0;
		};
		632010522BD134F8001382CD /* Sources */ = {
			isa = PBXSourcesBuildPhase;
			buildActionMask = 2147483647;
			files = (
				6320105D2BD134F8001382CD /* Git2UITestsLaunchTests.swift in Sources */,
				6320105B2BD134F8001382CD /* Git2UITests.swift in Sources */,
			);
			runOnlyForDeploymentPostprocessing = 0;
		};
/* End PBXSourcesBuildPhase section */

/* Begin PBXTargetDependency section */
		6320104E2BD134F8001382CD /* PBXTargetDependency */ = {
			isa = PBXTargetDependency;
			target = 632010382BD134F7001382CD /* Git2 */;
			targetProxy = 6320104D2BD134F8001382CD /* PBXContainerItemProxy */;
		};
		632010582BD134F8001382CD /* PBXTargetDependency */ = {
			isa = PBXTargetDependency;
			target = 632010382BD134F7001382CD /* Git2 */;
			targetProxy = 632010572BD134F8001382CD /* PBXContainerItemProxy */;
		};
/* End PBXTargetDependency section */

/* Begin XCBuildConfiguration section */
		6320105E2BD134F8001382CD /* Debug */ = {
			isa = XCBuildConfiguration;
			buildSettings = {
				ALWAYS_SEARCH_USER_PATHS = NO;
				ASSETCATALOG_COMPILER_GENERATE_SWIFT_ASSET_SYMBOL_EXTENSIONS = YES;
				CLANG_ANALYZER_NONNULL = YES;
				CLANG_ANALYZER_NUMBER_OBJECT_CONVERSION = YES_AGGRESSIVE;
				CLANG_CXX_LANGUAGE_STANDARD = "gnu++20";
				CLANG_ENABLE_MODULES = YES;
				CLANG_ENABLE_OBJC_ARC = YES;
				CLANG_ENABLE_OBJC_WEAK = YES;
				CLANG_WARN_BLOCK_CAPTURE_AUTORELEASING = YES;
				CLANG_WARN_BOOL_CONVERSION = YES;
				CLANG_WARN_COMMA = YES;
				CLANG_WARN_CONSTANT_CONVERSION = YES;
				CLANG_WARN_DEPRECATED_OBJC_IMPLEMENTATIONS = YES;
				CLANG_WARN_DIRECT_OBJC_ISA_USAGE = YES_ERROR;
				CLANG_WARN_DOCUMENTATION_COMMENTS = YES;
				CLANG_WARN_EMPTY_BODY = YES;
				CLANG_WARN_ENUM_CONVERSION = YES;
				CLANG_WARN_INFINITE_RECURSION = YES;
				CLANG_WARN_INT_CONVERSION = YES;
				CLANG_WARN_NON_LITERAL_NULL_CONVERSION = YES;
				CLANG_WARN_OBJC_IMPLICIT_RETAIN_SELF = YES;
				CLANG_WARN_OBJC_LITERAL_CONVERSION = YES;
				CLANG_WARN_OBJC_ROOT_CLASS = YES_ERROR;
				CLANG_WARN_QUOTED_INCLUDE_IN_FRAMEWORK_HEADER = YES;
				CLANG_WARN_RANGE_LOOP_ANALYSIS = YES;
				CLANG_WARN_STRICT_PROTOTYPES = YES;
				CLANG_WARN_SUSPICIOUS_MOVE = YES;
				CLANG_WARN_UNGUARDED_AVAILABILITY = YES_AGGRESSIVE;
				CLANG_WARN_UNREACHABLE_CODE = YES;
				CLANG_WARN__DUPLICATE_METHOD_MATCH = YES;
				COPY_PHASE_STRIP = NO;
				DEBUG_INFORMATION_FORMAT = dwarf;
				ENABLE_STRICT_OBJC_MSGSEND = YES;
				ENABLE_TESTABILITY = YES;
				ENABLE_USER_SCRIPT_SANDBOXING = YES;
				GCC_C_LANGUAGE_STANDARD = gnu17;
				GCC_DYNAMIC_NO_PIC = NO;
				GCC_NO_COMMON_BLOCKS = YES;
				GCC_OPTIMIZATION_LEVEL = 0;
				GCC_PREPROCESSOR_DEFINITIONS = (
					"DEBUG=1",
					"$(inherited)",
				);
				GCC_WARN_64_TO_32_BIT_CONVERSION = YES;
				GCC_WARN_ABOUT_RETURN_TYPE = YES_ERROR;
				GCC_WARN_UNDECLARED_SELECTOR = YES;
				GCC_WARN_UNINITIALIZED_AUTOS = YES_AGGRESSIVE;
				GCC_WARN_UNUSED_FUNCTION = YES;
				GCC_WARN_UNUSED_VARIABLE = YES;
				LOCALIZATION_PREFERS_STRING_CATALOGS = YES;
				MTL_ENABLE_DEBUG_INFO = INCLUDE_SOURCE;
				MTL_FAST_MATH = YES;
				ONLY_ACTIVE_ARCH = YES;
				SWIFT_ACTIVE_COMPILATION_CONDITIONS = "DEBUG $(inherited)";
				SWIFT_OPTIMIZATION_LEVEL = "-Onone";
			};
			name = Debug;
		};
		6320105F2BD134F8001382CD /* Release */ = {
			isa = XCBuildConfiguration;
			buildSettings = {
				ALWAYS_SEARCH_USER_PATHS = NO;
				ASSETCATALOG_COMPILER_GENERATE_SWIFT_ASSET_SYMBOL_EXTENSIONS = YES;
				CLANG_ANALYZER_NONNULL = YES;
				CLANG_ANALYZER_NUMBER_OBJECT_CONVERSION = YES_AGGRESSIVE;
				CLANG_CXX_LANGUAGE_STANDARD = "gnu++20";
				CLANG_ENABLE_MODULES = YES;
				CLANG_ENABLE_OBJC_ARC = YES;
				CLANG_ENABLE_OBJC_WEAK = YES;
				CLANG_WARN_BLOCK_CAPTURE_AUTORELEASING = YES;
				CLANG_WARN_BOOL_CONVERSION = YES;
				CLANG_WARN_COMMA = YES;
				CLANG_WARN_CONSTANT_CONVERSION = YES;
				CLANG_WARN_DEPRECATED_OBJC_IMPLEMENTATIONS = YES;
				CLANG_WARN_DIRECT_OBJC_ISA_USAGE = YES_ERROR;
				CLANG_WARN_DOCUMENTATION_COMMENTS = YES;
				CLANG_WARN_EMPTY_BODY = YES;
				CLANG_WARN_ENUM_CONVERSION = YES;
				CLANG_WARN_INFINITE_RECURSION = YES;
				CLANG_WARN_INT_CONVERSION = YES;
				CLANG_WARN_NON_LITERAL_NULL_CONVERSION = YES;
				CLANG_WARN_OBJC_IMPLICIT_RETAIN_SELF = YES;
				CLANG_WARN_OBJC_LITERAL_CONVERSION = YES;
				CLANG_WARN_OBJC_ROOT_CLASS = YES_ERROR;
				CLANG_WARN_QUOTED_INCLUDE_IN_FRAMEWORK_HEADER = YES;
				CLANG_WARN_RANGE_LOOP_ANALYSIS = YES;
				CLANG_WARN_STRICT_PROTOTYPES = YES;
				CLANG_WARN_SUSPICIOUS_MOVE = YES;
				CLANG_WARN_UNGUARDED_AVAILABILITY = YES_AGGRESSIVE;
				CLANG_WARN_UNREACHABLE_CODE = YES;
				CLANG_WARN__DUPLICATE_METHOD_MATCH = YES;
				COPY_PHASE_STRIP = NO;
				DEBUG_INFORMATION_FORMAT = "dwarf-with-dsym";
				ENABLE_NS_ASSERTIONS = NO;
				ENABLE_STRICT_OBJC_MSGSEND = YES;
				ENABLE_USER_SCRIPT_SANDBOXING = YES;
				GCC_C_LANGUAGE_STANDARD = gnu17;
				GCC_NO_COMMON_BLOCKS = YES;
				GCC_WARN_64_TO_32_BIT_CONVERSION = YES;
				GCC_WARN_ABOUT_RETURN_TYPE = YES_ERROR;
				GCC_WARN_UNDECLARED_SELECTOR = YES;
				GCC_WARN_UNINITIALIZED_AUTOS = YES_AGGRESSIVE;
				GCC_WARN_UNUSED_FUNCTION = YES;
				GCC_WARN_UNUSED_VARIABLE = YES;
				LOCALIZATION_PREFERS_STRING_CATALOGS = YES;
				MTL_ENABLE_DEBUG_INFO = NO;
				MTL_FAST_MATH = YES;
				SWIFT_COMPILATION_MODE = wholemodule;
			};
			name = Release;
		};
		632010612BD134F8001382CD /* Debug */ = {
			isa = XCBuildConfiguration;
			buildSettings = {
				ASSETCATALOG_COMPILER_APPICON_NAME = AppIcon;
				ASSETCATALOG_COMPILER_GLOBAL_ACCENT_COLOR_NAME = AccentColor;
				CODE_SIGN_ENTITLEMENTS = Git2/Git2.entitlements;
				CODE_SIGN_STYLE = Automatic;
				CURRENT_PROJECT_VERSION = 1;
				DEVELOPMENT_ASSET_PATHS = "\"Git2/Preview Content\"";
				ENABLE_PREVIEWS = YES;
				GENERATE_INFOPLIST_FILE = YES;
				"INFOPLIST_KEY_UIApplicationSceneManifest_Generation[sdk=iphoneos*]" = YES;
				"INFOPLIST_KEY_UIApplicationSceneManifest_Generation[sdk=iphonesimulator*]" = YES;
				"INFOPLIST_KEY_UIApplicationSupportsIndirectInputEvents[sdk=iphoneos*]" = YES;
				"INFOPLIST_KEY_UIApplicationSupportsIndirectInputEvents[sdk=iphonesimulator*]" = YES;
				"INFOPLIST_KEY_UILaunchScreen_Generation[sdk=iphoneos*]" = YES;
				"INFOPLIST_KEY_UILaunchScreen_Generation[sdk=iphonesimulator*]" = YES;
				"INFOPLIST_KEY_UIStatusBarStyle[sdk=iphoneos*]" = UIStatusBarStyleDefault;
				"INFOPLIST_KEY_UIStatusBarStyle[sdk=iphonesimulator*]" = UIStatusBarStyleDefault;
				INFOPLIST_KEY_UISupportedInterfaceOrientations_iPad = "UIInterfaceOrientationPortrait UIInterfaceOrientationPortraitUpsideDown UIInterfaceOrientationLandscapeLeft UIInterfaceOrientationLandscapeRight";
				INFOPLIST_KEY_UISupportedInterfaceOrientations_iPhone = "UIInterfaceOrientationPortrait UIInterfaceOrientationLandscapeLeft UIInterfaceOrientationLandscapeRight";
				IPHONEOS_DEPLOYMENT_TARGET = 17.4;
				LD_RUNPATH_SEARCH_PATHS = "@executable_path/Frameworks";
				"LD_RUNPATH_SEARCH_PATHS[sdk=macosx*]" = "@executable_path/../Frameworks";
				MACOSX_DEPLOYMENT_TARGET = 14.0;
				MARKETING_VERSION = 1.0;
				PRODUCT_BUNDLE_IDENTIFIER = dlwlsrud.Git2;
				PRODUCT_NAME = "$(TARGET_NAME)";
				SDKROOT = auto;
				SUPPORTED_PLATFORMS = "iphoneos iphonesimulator macosx";
				SWIFT_EMIT_LOC_STRINGS = YES;
				SWIFT_VERSION = 5.0;
				TARGETED_DEVICE_FAMILY = "1,2";
			};
			name = Debug;
		};
		632010622BD134F8001382CD /* Release */ = {
			isa = XCBuildConfiguration;
			buildSettings = {
				ASSETCATALOG_COMPILER_APPICON_NAME = AppIcon;
				ASSETCATALOG_COMPILER_GLOBAL_ACCENT_COLOR_NAME = AccentColor;
				CODE_SIGN_ENTITLEMENTS = Git2/Git2.entitlements;
				CODE_SIGN_STYLE = Automatic;
				CURRENT_PROJECT_VERSION = 1;
				DEVELOPMENT_ASSET_PATHS = "\"Git2/Preview Content\"";
				ENABLE_PREVIEWS = YES;
				GENERATE_INFOPLIST_FILE = YES;
				"INFOPLIST_KEY_UIApplicationSceneManifest_Generation[sdk=iphoneos*]" = YES;
				"INFOPLIST_KEY_UIApplicationSceneManifest_Generation[sdk=iphonesimulator*]" = YES;
				"INFOPLIST_KEY_UIApplicationSupportsIndirectInputEvents[sdk=iphoneos*]" = YES;
				"INFOPLIST_KEY_UIApplicationSupportsIndirectInputEvents[sdk=iphonesimulator*]" = YES;
				"INFOPLIST_KEY_UILaunchScreen_Generation[sdk=iphoneos*]" = YES;
				"INFOPLIST_KEY_UILaunchScreen_Generation[sdk=iphonesimulator*]" = YES;
				"INFOPLIST_KEY_UIStatusBarStyle[sdk=iphoneos*]" = UIStatusBarStyleDefault;
				"INFOPLIST_KEY_UIStatusBarStyle[sdk=iphonesimulator*]" = UIStatusBarStyleDefault;
				INFOPLIST_KEY_UISupportedInterfaceOrientations_iPad = "UIInterfaceOrientationPortrait UIInterfaceOrientationPortraitUpsideDown UIInterfaceOrientationLandscapeLeft UIInterfaceOrientationLandscapeRight";
				INFOPLIST_KEY_UISupportedInterfaceOrientations_iPhone = "UIInterfaceOrientationPortrait UIInterfaceOrientationLandscapeLeft UIInterfaceOrientationLandscapeRight";
				IPHONEOS_DEPLOYMENT_TARGET = 17.4;
				LD_RUNPATH_SEARCH_PATHS = "@executable_path/Frameworks";
				"LD_RUNPATH_SEARCH_PATHS[sdk=macosx*]" = "@executable_path/../Frameworks";
				MACOSX_DEPLOYMENT_TARGET = 14.0;
				MARKETING_VERSION = 1.0;
				PRODUCT_BUNDLE_IDENTIFIER = dlwlsrud.Git2;
				PRODUCT_NAME = "$(TARGET_NAME)";
				SDKROOT = auto;
				SUPPORTED_PLATFORMS = "iphoneos iphonesimulator macosx";
				SWIFT_EMIT_LOC_STRINGS = YES;
				SWIFT_VERSION = 5.0;
				TARGETED_DEVICE_FAMILY = "1,2";
			};
			name = Release;
		};
		632010642BD134F8001382CD /* Debug */ = {
			isa = XCBuildConfiguration;
			buildSettings = {
				ALWAYS_EMBED_SWIFT_STANDARD_LIBRARIES = YES;
				BUNDLE_LOADER = "$(TEST_HOST)";
				CODE_SIGN_STYLE = Automatic;
				CURRENT_PROJECT_VERSION = 1;
				GENERATE_INFOPLIST_FILE = YES;
				IPHONEOS_DEPLOYMENT_TARGET = 17.4;
				MACOSX_DEPLOYMENT_TARGET = 14.1;
				MARKETING_VERSION = 1.0;
				PRODUCT_BUNDLE_IDENTIFIER = dlwlsrud.Git2Tests;
				PRODUCT_NAME = "$(TARGET_NAME)";
				SDKROOT = auto;
				SUPPORTED_PLATFORMS = "iphoneos iphonesimulator macosx";
				SWIFT_EMIT_LOC_STRINGS = NO;
				SWIFT_VERSION = 5.0;
				TARGETED_DEVICE_FAMILY = "1,2";
				TEST_HOST = "$(BUILT_PRODUCTS_DIR)/Git2.app/$(BUNDLE_EXECUTABLE_FOLDER_PATH)/Git2";
			};
			name = Debug;
		};
		632010652BD134F8001382CD /* Release */ = {
			isa = XCBuildConfiguration;
			buildSettings = {
				ALWAYS_EMBED_SWIFT_STANDARD_LIBRARIES = YES;
				BUNDLE_LOADER = "$(TEST_HOST)";
				CODE_SIGN_STYLE = Automatic;
				CURRENT_PROJECT_VERSION = 1;
				GENERATE_INFOPLIST_FILE = YES;
				IPHONEOS_DEPLOYMENT_TARGET = 17.4;
				MACOSX_DEPLOYMENT_TARGET = 14.1;
				MARKETING_VERSION = 1.0;
				PRODUCT_BUNDLE_IDENTIFIER = dlwlsrud.Git2Tests;
				PRODUCT_NAME = "$(TARGET_NAME)";
				SDKROOT = auto;
				SUPPORTED_PLATFORMS = "iphoneos iphonesimulator macosx";
				SWIFT_EMIT_LOC_STRINGS = NO;
				SWIFT_VERSION = 5.0;
				TARGETED_DEVICE_FAMILY = "1,2";
				TEST_HOST = "$(BUILT_PRODUCTS_DIR)/Git2.app/$(BUNDLE_EXECUTABLE_FOLDER_PATH)/Git2";
			};
			name = Release;
		};
		632010672BD134F8001382CD /* Debug */ = {
			isa = XCBuildConfiguration;
			buildSettings = {
				ALWAYS_EMBED_SWIFT_STANDARD_LIBRARIES = YES;
				CODE_SIGN_STYLE = Automatic;
				CURRENT_PROJECT_VERSION = 1;
				GENERATE_INFOPLIST_FILE = YES;
				IPHONEOS_DEPLOYMENT_TARGET = 17.4;
				MACOSX_DEPLOYMENT_TARGET = 14.1;
				MARKETING_VERSION = 1.0;
				PRODUCT_BUNDLE_IDENTIFIER = dlwlsrud.Git2UITests;
				PRODUCT_NAME = "$(TARGET_NAME)";
				SDKROOT = auto;
				SUPPORTED_PLATFORMS = "iphoneos iphonesimulator macosx";
				SWIFT_EMIT_LOC_STRINGS = NO;
				SWIFT_VERSION = 5.0;
				TARGETED_DEVICE_FAMILY = "1,2";
				TEST_TARGET_NAME = Git2;
			};
			name = Debug;
		};
		632010682BD134F8001382CD /* Release */ = {
			isa = XCBuildConfiguration;
			buildSettings = {
				ALWAYS_EMBED_SWIFT_STANDARD_LIBRARIES = YES;
				CODE_SIGN_STYLE = Automatic;
				CURRENT_PROJECT_VERSION = 1;
				GENERATE_INFOPLIST_FILE = YES;
				IPHONEOS_DEPLOYMENT_TARGET = 17.4;
				MACOSX_DEPLOYMENT_TARGET = 14.1;
				MARKETING_VERSION = 1.0;
				PRODUCT_BUNDLE_IDENTIFIER = dlwlsrud.Git2UITests;
				PRODUCT_NAME = "$(TARGET_NAME)";
				SDKROOT = auto;
				SUPPORTED_PLATFORMS = "iphoneos iphonesimulator macosx";
				SWIFT_EMIT_LOC_STRINGS = NO;
				SWIFT_VERSION = 5.0;
				TARGETED_DEVICE_FAMILY = "1,2";
				TEST_TARGET_NAME = Git2;
			};
			name = Release;
		};
/* End XCBuildConfiguration section */

/* Begin XCConfigurationList section */
		632010342BD134F7001382CD /* Build configuration list for PBXProject "Git2" */ = {
			isa = XCConfigurationList;
			buildConfigurations = (
				6320105E2BD134F8001382CD /* Debug */,
				6320105F2BD134F8001382CD /* Release */,
			);
			defaultConfigurationIsVisible = 0;
			defaultConfigurationName = Release;
		};
		632010602BD134F8001382CD /* Build configuration list for PBXNativeTarget "Git2" */ = {
			isa = XCConfigurationList;
			buildConfigurations = (
				632010612BD134F8001382CD /* Debug */,
				632010622BD134F8001382CD /* Release */,
			);
			defaultConfigurationIsVisible = 0;
			defaultConfigurationName = Release;
		};
		632010632BD134F8001382CD /* Build configuration list for PBXNativeTarget "Git2Tests" */ = {
			isa = XCConfigurationList;
			buildConfigurations = (
				632010642BD134F8001382CD /* Debug */,
				632010652BD134F8001382CD /* Release */,
			);
			defaultConfigurationIsVisible = 0;
			defaultConfigurationName = Release;
		};
		632010662BD134F8001382CD /* Build configuration list for PBXNativeTarget "Git2UITests" */ = {
			isa = XCConfigurationList;
			buildConfigurations = (
				632010672BD134F8001382CD /* Debug */,
				632010682BD134F8001382CD /* Release */,
			);
			defaultConfigurationIsVisible = 0;
			defaultConfigurationName = Release;
		};
/* End XCConfigurationList section */
	};
	rootObject = 632010312BD134F7001382CD /* Project object */;
}
